{
  "name": "cashmere-integration-examples",
  "version": "1.0.0",
  "lockfileVersion": 1,
  "requires": true,
  "dependencies": {
    "@healthcatalyst/cashmere": {
      "version": "7.1.0",
      "resolved": "https://registry.npmjs.org/@healthcatalyst/cashmere/-/cashmere-7.1.0.tgz",
      "integrity": "sha512-tDD+sU5dllu/ACVOsnn75f6xeywJDjzvHaFf4bvreFD/pKPrXbwGHHrp45J38Dp4V/f/1Vcx6qYiCpK2lDXRcA==",
      "requires": {
        "tslib": "^1.9.0"
      }
    },
    "font-awesome": {
      "version": "4.7.0",
      "resolved": "https://registry.npmjs.org/font-awesome/-/font-awesome-4.7.0.tgz",
      "integrity": "sha1-j6jPBBGhoxr9B7BtKQK7n8gVoTM="
    },
    "npm-font-open-sans": {
      "version": "1.1.0",
      "resolved": "https://registry.npmjs.org/npm-font-open-sans/-/npm-font-open-sans-1.1.0.tgz",
      "integrity": "sha512-t1y5ShWm6a8FSLwBdINT47XYMcuKY2rkTBsTdz/76YB2MtX0YD89RUkY2eSS2/XOmlZfBe1HFBAwD+b9+/UfmQ=="
    },
    "tslib": {
      "version": "1.13.0",
      "resolved": "https://registry.npmjs.org/tslib/-/tslib-1.13.0.tgz",
      "integrity": "sha512-i/6DQjL8Xf3be4K/E6Wgpekn5Qasl1usyw++dAA35Ue5orEn65VIxOA+YvNNl9HV3qv70T7CNwjODHZrLwvd1Q=="
    },
    "vue": {
      "version": "2.6.11",
      "resolved": "https://registry.npmjs.org/vue/-/vue-2.6.11.tgz",
      "integrity": "sha512-VfPwgcGABbGAue9+sfrD4PuwFar7gPb1yl1UK1MwXoQPAw0BKSqWfoYCT/ThFrdEVWoI51dBuyCoiNU9bZDZxQ=="
    }
  }
}
